
Microsoft Visual Studio Solution File, Format Version 12.00
# Visual Studio Version 17
VisualStudioVersion = 17.6.33829.357
MinimumVisualStudioVersion = 10.0.40219.1
Project("{FAE04EC0-301F-11D3-BF4B-00C04F79EFBC}") = "Master", "Master\Master.csproj", "{67B91FDA-2D1B-4112-87B4-1EDAB9B3629B}"
EndProject
Global
	GlobalSection(SolutionConfigurationPlatforms) = preSolution
		Debug|Any CPU = Debug|Any CPU
		Release|Any CPU = Release|Any CPU
	EndGlobalSection
	GlobalSection(ProjectConfigurationPlatforms) = postSolution
		{67B91FDA-2D1B-4112-87B4-1EDAB9B3629B}.Debug|Any CPU.ActiveCfg = Debug|Any CPU
		{67B91FDA-2D1B-4112-87B4-1EDAB9B3629B}.Debug|Any CPU.Build.0 = Debug|Any CPU
		{67B91FDA-2D1B-4112-87B4-1EDAB9B3629B}.Release|Any CPU.ActiveCfg = Release|Any CPU
		{67B91FDA-2D1B-4112-87B4-1EDAB9B3629B}.Release|Any CPU.Build.0 = Release|Any CPU
	EndGlobalSection
	GlobalSection(SolutionProperties) = preSolution
		HideSolutionNode = FALSE
	EndGlobalSection
	GlobalSection(ExtensibilityGlobals) = postSolution
		SolutionGuid = {3A3CBEAB-96AC-4B12-A08B-6359E8E78319}
	EndGlobalSection
EndGlobal
